
Microsoft Visual Studio Solution File, Format Version 12.00
# Visual Studio Version 17
VisualStudioVersion = 17.0.31903.59
MinimumVisualStudioVersion = 10.0.40219.1
Project("{FAE04EC0-301F-11D3-BF4B-00C04F79EFBC}") = "LeetCodeProblems", "LeetCodeProblems\LeetCodeProblems.csproj", "{ACE37DF0-4991-481B-A555-29A057316150}"
EndProject
Project("{FAE04EC0-301F-11D3-BF4B-00C04F79EFBC}") = "LeetCodeProblems.Tests", "LeetCodeProblems.Tests\LeetCodeProblems.Tests.csproj", "{4FC4C90E-2E93-4D50-B761-F1239D109994}"
EndProject
Global
	GlobalSection(SolutionConfigurationPlatforms) = preSolution
		Debug|Any CPU = Debug|Any CPU
		Release|Any CPU = Release|Any CPU
	EndGlobalSection
	GlobalSection(SolutionProperties) = preSolution
		HideSolutionNode = FALSE
	EndGlobalSection
	GlobalSection(ProjectConfigurationPlatforms) = postSolution
		{ACE37DF0-4991-481B-A555-29A057316150}.Debug|Any CPU.ActiveCfg = Debug|Any CPU
		{ACE37DF0-4991-481B-A555-29A057316150}.Debug|Any CPU.Build.0 = Debug|Any CPU
		{ACE37DF0-4991-481B-A555-29A057316150}.Release|Any CPU.ActiveCfg = Release|Any CPU
		{ACE37DF0-4991-481B-A555-29A057316150}.Release|Any CPU.Build.0 = Release|Any CPU
		{4FC4C90E-2E93-4D50-B761-F1239D109994}.Debug|Any CPU.ActiveCfg = Debug|Any CPU
		{4FC4C90E-2E93-4D50-B761-F1239D109994}.Debug|Any CPU.Build.0 = Debug|Any CPU
		{4FC4C90E-2E93-4D50-B761-F1239D109994}.Release|Any CPU.ActiveCfg = Release|Any CPU
		{4FC4C90E-2E93-4D50-B761-F1239D109994}.Release|Any CPU.Build.0 = Release|Any CPU
	EndGlobalSection
EndGlobal
